hash: dcb6757dc771bda1d758d12087ffd51f7369690477a22436adfd4a0edc857a06
updated: 2019-04-22T14:36:32.904518954+05:30
imports:
- name: github.com/cenkalti/backoff
  version: 2ea60e5f094469f9e65adb9cd103795b73ae743e
- name: github.com/davecgh/go-spew
  version: d8f796af33cc11cb798c1aaeb27a4ebc5099927d
  subpackages:
  - spew
- name: github.com/eapache/go-resiliency
  version: ea41b0fad31007accc7f806884dcdf3da98b79ce
  subpackages:
  - breaker
- name: github.com/eapache/go-xerial-snappy
  version: 776d5712da21bc4762676d614db1d8a64f4238b0
- name: github.com/eapache/queue
  version: 093482f3f8ce946c05bcba64badd2c82369e084d
- name: github.com/fsnotify/fsnotify
  version: ccc981bf80385c528a65fbfdd49bf2d8da22aa23
- name: github.com/globalsign/mgo
  version: eeefdecb41b842af6dc652aaea4026e8403e62df
  subpackages:
  - bson
  - internal/json
  - internal/sasl
  - internal/scram
- name: github.com/golang/snappy
  version: d9eb7a3d35ec988b8585d4a0068e462c27d28380
- name: github.com/gomodule/redigo
  version: 9c11da706d9b7902c6da69c592f75637793fe121
  subpackages:
  - internal
  - redis
- name: github.com/gorilla/handlers
  version: 7e0847f9db758cdebd26c149d0ae9d5d0b9c98ce
- name: github.com/gorilla/websocket
  version: 66b9c49e59c6c48f0ffce28c2d8b8a5678502c6d
- name: github.com/guregu/dynamo
  version: e38c48c566f44b8dbaa18ec7c429e43194f7233a
- name: github.com/hashicorp/hcl
  version: 65a6292f0157eff210d03ed1bf6c59b190b8b906
  subpackages:
  - hcl/ast
  - hcl/parser
  - hcl/printer
  - hcl/scanner
  - hcl/strconv
  - hcl/token
  - json/parser
  - json/scanner
  - json/token
- name: github.com/jmespath/go-jmespath
  version: c2b33e8439af944379acbdd9c3a5fe0bc44bd8a5
- name: github.com/magiconair/properties
  version: c2353362d570a7bfa228149c62842019201cfb71
- name: github.com/mitchellh/mapstructure
  version: fa473d140ef3c6adf42d6b391fe76707f1f243c8
- name: github.com/PaesslerAG/gval
  version: 9f3cc5fef57ca38e93f05dcd7400a6f6d7d47257
- name: github.com/pelletier/go-toml
  version: e33f6544292e42cce6432aad20ac1eb020e2a1d8
- name: github.com/pierrec/lz4
  version: 1f6e18d34f6790fc0afea6f13a5fe3d9ab1770af
  subpackages:
  - internal/xxh32
- name: github.com/rcrowley/go-metrics
  version: e2704e165165ec55d062f5919b4b29494e9fa790
- name: github.com/satori/go.uuid
  version: f58768cc1a7a7e77a3bd49e98cdd21419399b6a3
- name: github.com/Shopify/sarama
  version: a6144ae922fd99dd0ea5046c8137acfb7fab0914
- name: github.com/sirupsen/logrus
  version: 3e01752db0189b9157070a0e1668a620f9a85da2
- name: github.com/spf13/afero
  version: d40851caa0d747393da1ffb28f7f9d8b4eeffebd
  subpackages:
  - mem
- name: github.com/spf13/cast
  version: 8965335b8c7107321228e3e3702cab9832751bac
- name: github.com/spf13/jwalterweatherman
  version: 4a4406e478ca629068e7768fc33f3f044173c0a6
- name: github.com/spf13/pflag
  version: 298182f68c66c05229eb03ac171abe6e309ee79a
- name: github.com/spf13/viper
  version: 8fb642006536c8d3760c99d4fa2389f5e2205631
- name: github.com/xeipuuv/gojsonschema
  version: da425ebb7609ba06a0f395fc8a254d1c303364a0
- name: golang.org/x/crypto
  version: c3a3ad6d03f7a915c0f7e194b7152974bb73d287
  subpackages:
  - ssh/terminal
- name: golang.org/x/sys
  version: d8e400bc7db4870d786864138af681469693d18c
  subpackages:
  - unix
  - windows
- name: golang.org/x/text
  version: f21a4dfb5e38f5895301dc265a8def02365cc3d0
  subpackages:
  - transform
  - unicode/norm
- name: gopkg.in/mgo.v2
  version: 9856a29383ce1c59f308dd1cf0363a79b5bef6b5
  subpackages:
  - bson
  - internal/json
- name: gopkg.in/yaml.v2
  version: 5420a8b6744d3b0345ab293f6fcba19c978f1183
testImports: []
